
Microsoft Visual Studio Solution File, Format Version 12.00
# Visual Studio Version 17
VisualStudioVersion = 17.12.35707.178 d17.12
MinimumVisualStudioVersion = 10.0.40219.1
Project("{FAE04EC0-301F-11D3-BF4B-00C04F79EFBC}") = "Regular_customer", "Regular_customer.csproj", "{632627C8-9DD3-47FF-A622-1356CA63B97B}"
EndProject
Project("{FAE04EC0-301F-11D3-BF4B-00C04F79EFBC}") = "Librarian", "..\ConsoleApp12\Librarian.csproj", "{7458F648-E679-4016-8DDD-E11DC12F1779}"
EndProject
Project("{FAE04EC0-301F-11D3-BF4B-00C04F79EFBC}") = "Jack's House", "..\Jack's House\Jack's House.csproj", "{9A742332-53CC-4EA6-9CEF-9D6A61CA8924}"
EndProject
Global
	GlobalSection(SolutionConfigurationPlatforms) = preSolution
		Debug|Any CPU = Debug|Any CPU
		Release|Any CPU = Release|Any CPU
	EndGlobalSection
	GlobalSection(ProjectConfigurationPlatforms) = postSolution
		{632627C8-9DD3-47FF-A622-1356CA63B97B}.Debug|Any CPU.ActiveCfg = Debug|Any CPU
		{632627C8-9DD3-47FF-A622-1356CA63B97B}.Debug|Any CPU.Build.0 = Debug|Any CPU
		{632627C8-9DD3-47FF-A622-1356CA63B97B}.Release|Any CPU.ActiveCfg = Release|Any CPU
		{632627C8-9DD3-47FF-A622-1356CA63B97B}.Release|Any CPU.Build.0 = Release|Any CPU
		{7458F648-E679-4016-8DDD-E11DC12F1779}.Debug|Any CPU.ActiveCfg = Debug|Any CPU
		{7458F648-E679-4016-8DDD-E11DC12F1779}.Debug|Any CPU.Build.0 = Debug|Any CPU
		{7458F648-E679-4016-8DDD-E11DC12F1779}.Release|Any CPU.ActiveCfg = Release|Any CPU
		{7458F648-E679-4016-8DDD-E11DC12F1779}.Release|Any CPU.Build.0 = Release|Any CPU
		{9A742332-53CC-4EA6-9CEF-9D6A61CA8924}.Debug|Any CPU.ActiveCfg = Debug|Any CPU
		{9A742332-53CC-4EA6-9CEF-9D6A61CA8924}.Debug|Any CPU.Build.0 = Debug|Any CPU
		{9A742332-53CC-4EA6-9CEF-9D6A61CA8924}.Release|Any CPU.ActiveCfg = Release|Any CPU
		{9A742332-53CC-4EA6-9CEF-9D6A61CA8924}.Release|Any CPU.Build.0 = Release|Any CPU
	EndGlobalSection
	GlobalSection(SolutionProperties) = preSolution
		HideSolutionNode = FALSE
	EndGlobalSection
EndGlobal
